
Microsoft Visual Studio Solution File, Format Version 12.00
# Visual Studio Version 17
VisualStudioVersion = 17.10.35013.160
MinimumVisualStudioVersion = 10.0.40219.1
Project("{FAE04EC0-301F-11D3-BF4B-00C04F79EFBC}") = "Genesis", "Genesis\Genesis.csproj", "{C916AB0A-89AD-403C-8FB4-26BBF30EB40C}"
EndProject
Global
	GlobalSection(SolutionConfigurationPlatforms) = preSolution
		Debug|Any CPU = Debug|Any CPU
		Release|Any CPU = Release|Any CPU
	EndGlobalSection
	GlobalSection(ProjectConfigurationPlatforms) = postSolution
		{C916AB0A-89AD-403C-8FB4-26BBF30EB40C}.Debug|Any CPU.ActiveCfg = Debug|Any CPU
		{C916AB0A-89AD-403C-8FB4-26BBF30EB40C}.Debug|Any CPU.Build.0 = Debug|Any CPU
		{C916AB0A-89AD-403C-8FB4-26BBF30EB40C}.Release|Any CPU.ActiveCfg = Release|Any CPU
		{C916AB0A-89AD-403C-8FB4-26BBF30EB40C}.Release|Any CPU.Build.0 = Release|Any CPU
	EndGlobalSection
	GlobalSection(SolutionProperties) = preSolution
		HideSolutionNode = FALSE
	EndGlobalSection
	GlobalSection(ExtensibilityGlobals) = postSolution
		SolutionGuid = {CB93B093-7D10-40DB-8B5E-5967A1F031A1}
	EndGlobalSection
EndGlobal
